// !$*UTF8*$!
{
	archiveVersion = 1;
	classes = {
	};
	objectVersion = 56;
	objects = {

/* Begin PBXBuildFile section */
		4DF8B2382D17B35100523F33 /* BluetoothScannerApp.swift in Sources */ = {isa = PBXBuildFile; fileRef = 4DF8B2372D17B35100523F33 /* BluetoothScannerApp.swift */; };
		4DF8B23A2D17B35100523F33 /* MainScanView.swift in Sources */ = {isa = PBXBuildFile; fileRef = 4DF8B2392D17B35100523F33 /* MainScanView.swift */; };
		4DF8B23C2D17B35200523F33 /* Assets.xcassets in Resources */ = {isa = PBXBuildFile; fileRef = 4DF8B23B2D17B35200523F33 /* Assets.xcassets */; };
		4DF8B23F2D17B35200523F33 /* Preview Assets.xcassets in Resources */ = {isa = PBXBuildFile; fileRef = 4DF8B23E2D17B35200523F33 /* Preview Assets.xcassets */; };
		4DF8B24C2D17BB3D00523F33 /* CoreBluetoothService.swift in Sources */ = {isa = PBXBuildFile; fileRef = 4DF8B24B2D17BB3D00523F33 /* CoreBluetoothService.swift */; };
		4DF8B24E2D17BB7400523F33 /* DeviceModel.swift in Sources */ = {isa = PBXBuildFile; fileRef = 4DF8B24D2D17BB7400523F33 /* DeviceModel.swift */; };
		4DF8B2502D17BC8300523F33 /* MainViewModel.swift in Sources */ = {isa = PBXBuildFile; fileRef = 4DF8B24F2D17BC8300523F33 /* MainViewModel.swift */; };
		4DF8B2562D18528100523F33 /* BluetoothScannerModel.xcdatamodeld in Sources */ = {isa = PBXBuildFile; fileRef = 4DF8B2542D18528100523F33 /* BluetoothScannerModel.xcdatamodeld */; };
		4DF8B2592D18603C00523F33 /* DatabaseService.swift in Sources */ = {isa = PBXBuildFile; fileRef = 4DF8B2582D18603C00523F33 /* DatabaseService.swift */; };
/* End PBXBuildFile section */

/* Begin PBXFileReference section */
		4DF8B2342D17B35100523F33 /* BluetoothScanner.app */ = {isa = PBXFileReference; explicitFileType = wrapper.application; includeInIndex = 0; path = BluetoothScanner.app; sourceTree = BUILT_PRODUCTS_DIR; };
		4DF8B2372D17B35100523F33 /* BluetoothScannerApp.swift */ = {isa = PBXFileReference; lastKnownFileType = sourcecode.swift; path = BluetoothScannerApp.swift; sourceTree = "<group>"; };
		4DF8B2392D17B35100523F33 /* MainScanView.swift */ = {isa = PBXFileReference; lastKnownFileType = sourcecode.swift; path = MainScanView.swift; sourceTree = "<group>"; };
		4DF8B23B2D17B35200523F33 /* Assets.xcassets */ = {isa = PBXFileReference; lastKnownFileType = folder.assetcatalog; path = Assets.xcassets; sourceTree = "<group>"; };
		4DF8B23E2D17B35200523F33 /* Preview Assets.xcassets */ = {isa = PBXFileReference; lastKnownFileType = folder.assetcatalog; path = "Preview Assets.xcassets"; sourceTree = "<group>"; };
		4DF8B24B2D17BB3D00523F33 /* CoreBluetoothService.swift */ = {isa = PBXFileReference; lastKnownFileType = sourcecode.swift; path = CoreBluetoothService.swift; sourceTree = "<group>"; };
		4DF8B24D2D17BB7400523F33 /* DeviceModel.swift */ = {isa = PBXFileReference; lastKnownFileType = sourcecode.swift; path = DeviceModel.swift; sourceTree = "<group>"; };
		4DF8B24F2D17BC8300523F33 /* MainViewModel.swift */ = {isa = PBXFileReference; lastKnownFileType = sourcecode.swift; path = MainViewModel.swift; sourceTree = "<group>"; };
		4DF8B2532D184C3B00523F33 /* Info.plist */ = {isa = PBXFileReference; lastKnownFileType = text.plist; path = Info.plist; sourceTree = "<group>"; };
		4DF8B2552D18528100523F33 /* BluetoothScannerModel.xcdatamodel */ = {isa = PBXFileReference; lastKnownFileType = wrapper.xcdatamodel; path = BluetoothScannerModel.xcdatamodel; sourceTree = "<group>"; };
		4DF8B2582D18603C00523F33 /* DatabaseService.swift */ = {isa = PBXFileReference; lastKnownFileType = sourcecode.swift; path = DatabaseService.swift; sourceTree = "<group>"; };
/* End PBXFileReference section */

/* Begin PBXFrameworksBuildPhase section */
		4DF8B2312D17B35100523F33 /* Frameworks */ = {
			isa = PBXFrameworksBuildPhase;
			buildActionMask = 2147483647;
			files = (
			);
			runOnlyForDeploymentPostprocessing = 0;
		};
/* End PBXFrameworksBuildPhase section */

/* Begin PBXGroup section */
		4DF8B22B2D17B35100523F33 = {
			isa = PBXGroup;
			children = (
				4DF8B2362D17B35100523F33 /* BluetoothScanner */,
				4DF8B2352D17B35100523F33 /* Products */,
			);
			sourceTree = "<group>";
		};
		4DF8B2352D17B35100523F33 /* Products */ = {
			isa = PBXGroup;
			children = (
				4DF8B2342D17B35100523F33 /* BluetoothScanner.app */,
			);
			name = Products;
			sourceTree = "<group>";
		};
		4DF8B2362D17B35100523F33 /* BluetoothScanner */ = {
			isa = PBXGroup;
			children = (
				4DF8B2572D185A5500523F33 /* CoreData */,
				4DF8B2532D184C3B00523F33 /* Info.plist */,
				4DF8B24A2D17B40D00523F33 /* Services */,
				4DF8B2492D17B40200523F33 /* ViewModel */,
				4DF8B2482D17B3FB00523F33 /* Model */,
				4DF8B2472D17B3F500523F33 /* App */,
				4DF8B2462D17B3EA00523F33 /* Views */,
				4DF8B23B2D17B35200523F33 /* Assets.xcassets */,
				4DF8B23D2D17B35200523F33 /* Preview Content */,
			);
			path = BluetoothScanner;
			sourceTree = "<group>";
		};
		4DF8B23D2D17B35200523F33 /* Preview Content */ = {
			isa = PBXGroup;
			children = (
				4DF8B23E2D17B35200523F33 /* Preview Assets.xcassets */,
			);
			path = "Preview Content";
			sourceTree = "<group>";
		};
		4DF8B2462D17B3EA00523F33 /* Views */ = {
			isa = PBXGroup;
			children = (
				4DF8B2392D17B35100523F33 /* MainScanView.swift */,
			);
			path = Views;
			sourceTree = "<group>";
		};
		4DF8B2472D17B3F500523F33 /* App */ = {
			isa = PBXGroup;
			children = (
				4DF8B2372D17B35100523F33 /* BluetoothScannerApp.swift */,
			);
			path = App;
			sourceTree = "<group>";
		};
		4DF8B2482D17B3FB00523F33 /* Model */ = {
			isa = PBXGroup;
			children = (
				4DF8B24D2D17BB7400523F33 /* DeviceModel.swift */,
			);
			path = Model;
			sourceTree = "<group>";
		};
		4DF8B2492D17B40200523F33 /* ViewModel */ = {
			isa = PBXGroup;
			children = (
				4DF8B24F2D17BC8300523F33 /* MainViewModel.swift */,
			);
			path = ViewModel;
			sourceTree = "<group>";
		};
		4DF8B24A2D17B40D00523F33 /* Services */ = {
			isa = PBXGroup;
			children = (
				4DF8B24B2D17BB3D00523F33 /* CoreBluetoothService.swift */,
				4DF8B2582D18603C00523F33 /* DatabaseService.swift */,
			);
			path = Services;
			sourceTree = "<group>";
		};
		4DF8B2572D185A5500523F33 /* CoreData */ = {
			isa = PBXGroup;
			children = (
				4DF8B2542D18528100523F33 /* BluetoothScannerModel.xcdatamodeld */,
			);
			path = CoreData;
			sourceTree = "<group>";
		};
/* End PBXGroup section */

/* Begin PBXNativeTarget section */
		4DF8B2332D17B35100523F33 /* BluetoothScanner */ = {
			isa = PBXNativeTarget;
			buildConfigurationList = 4DF8B2422D17B35200523F33 /* Build configuration list for PBXNativeTarget "BluetoothScanner" */;
			buildPhases = (
				4DF8B2302D17B35100523F33 /* Sources */,
				4DF8B2312D17B35100523F33 /* Frameworks */,
				4DF8B2322D17B35100523F33 /* Resources */,
			);
			buildRules = (
			);
			dependencies = (
			);
			name = BluetoothScanner;
			productName = BluetoothScanner;
			productReference = 4DF8B2342D17B35100523F33 /* BluetoothScanner.app */;
			productType = "com.apple.product-type.application";
		};
/* End PBXNativeTarget section */

/* Begin PBXProject section */
		4DF8B22C2D17B35100523F33 /* Project object */ = {
			isa = PBXProject;
			attributes = {
				BuildIndependentTargetsInParallel = 1;
				LastSwiftUpdateCheck = 1520;
				LastUpgradeCheck = 1520;
				TargetAttributes = {
					4DF8B2332D17B35100523F33 = {
						CreatedOnToolsVersion = 15.2;
					};
				};
			};
			buildConfigurationList = 4DF8B22F2D17B35100523F33 /* Build configuration list for PBXProject "BluetoothScanner" */;
			compatibilityVersion = "Xcode 14.0";
			developmentRegion = en;
			hasScannedForEncodings = 0;
			knownRegions = (
				en,
				Base,
			);
			mainGroup = 4DF8B22B2D17B35100523F33;
			productRefGroup = 4DF8B2352D17B35100523F33 /* Products */;
			projectDirPath = "";
			projectRoot = "";
			targets = (
				4DF8B2332D17B35100523F33 /* BluetoothScanner */,
			);
		};
/* End PBXProject section */

/* Begin PBXResourcesBuildPhase section */
		4DF8B2322D17B35100523F33 /* Resources */ = {
			isa = PBXResourcesBuildPhase;
			buildActionMask = 2147483647;
			files = (
				4DF8B23F2D17B35200523F33 /* Preview Assets.xcassets in Resources */,
				4DF8B23C2D17B35200523F33 /* Assets.xcassets in Resources */,
			);
			runOnlyForDeploymentPostprocessing = 0;
		};
/* End PBXResourcesBuildPhase section */

/* Begin PBXSourcesBuildPhase section */
		4DF8B2302D17B35100523F33 /* Sources */ = {
			isa = PBXSourcesBuildPhase;
			buildActionMask = 2147483647;
			files = (
				4DF8B2502D17BC8300523F33 /* MainViewModel.swift in Sources */,
				4DF8B2592D18603C00523F33 /* DatabaseService.swift in Sources */,
				4DF8B2562D18528100523F33 /* BluetoothScannerModel.xcdatamodeld in Sources */,
				4DF8B24C2D17BB3D00523F33 /* CoreBluetoothService.swift in Sources */,
				4DF8B24E2D17BB7400523F33 /* DeviceModel.swift in Sources */,
				4DF8B23A2D17B35100523F33 /* MainScanView.swift in Sources */,
				4DF8B2382D17B35100523F33 /* BluetoothScannerApp.swift in Sources */,
			);
			runOnlyForDeploymentPostprocessing = 0;
		};
/* End PBXSourcesBuildPhase section */

/* Begin XCBuildConfiguration section */
		4DF8B2402D17B35200523F33 /* Debug */ = {
			isa = XCBuildConfiguration;
			buildSettings = {
				ALWAYS_SEARCH_USER_PATHS = NO;
				ASSETCATALOG_COMPILER_GENERATE_SWIFT_ASSET_SYMBOL_EXTENSIONS = YES;
				CLANG_ANALYZER_NONNULL = YES;
				CLANG_ANALYZER_NUMBER_OBJECT_CONVERSION = YES_AGGRESSIVE;
				CLANG_CXX_LANGUAGE_STANDARD = "gnu++20";
				CLANG_ENABLE_MODULES = YES;
				CLANG_ENABLE_OBJC_ARC = YES;
				CLANG_ENABLE_OBJC_WEAK = YES;
				CLANG_WARN_BLOCK_CAPTURE_AUTORELEASING = YES;
				CLANG_WARN_BOOL_CONVERSION = YES;
				CLANG_WARN_COMMA = YES;
				CLANG_WARN_CONSTANT_CONVERSION = YES;
				CLANG_WARN_DEPRECATED_OBJC_IMPLEMENTATIONS = YES;
				CLANG_WARN_DIRECT_OBJC_ISA_USAGE = YES_ERROR;
				CLANG_WARN_DOCUMENTATION_COMMENTS = YES;
				CLANG_WARN_EMPTY_BODY = YES;
				CLANG_WARN_ENUM_CONVERSION = YES;
				CLANG_WARN_INFINITE_RECURSION = YES;
				CLANG_WARN_INT_CONVERSION = YES;
				CLANG_WARN_NON_LITERAL_NULL_CONVERSION = YES;
				CLANG_WARN_OBJC_IMPLICIT_RETAIN_SELF = YES;
				CLANG_WARN_OBJC_LITERAL_CONVERSION = YES;
				CLANG_WARN_OBJC_ROOT_CLASS = YES_ERROR;
				CLANG_WARN_QUOTED_INCLUDE_IN_FRAMEWORK_HEADER = YES;
				CLANG_WARN_RANGE_LOOP_ANALYSIS = YES;
				CLANG_WARN_STRICT_PROTOTYPES = YES;
				CLANG_WARN_SUSPICIOUS_MOVE = YES;
				CLANG_WARN_UNGUARDED_AVAILABILITY = YES_AGGRESSIVE;
				CLANG_WARN_UNREACHABLE_CODE = YES;
				CLANG_WARN__DUPLICATE_METHOD_MATCH = YES;
				COPY_PHASE_STRIP = NO;
				DEBUG_INFORMATION_FORMAT = dwarf;
				ENABLE_STRICT_OBJC_MSGSEND = YES;
				ENABLE_TESTABILITY = YES;
				ENABLE_USER_SCRIPT_SANDBOXING = YES;
				GCC_C_LANGUAGE_STANDARD = gnu17;
				GCC_DYNAMIC_NO_PIC = NO;
				GCC_NO_COMMON_BLOCKS = YES;
				GCC_OPTIMIZATION_LEVEL = 0;
				GCC_PREPROCESSOR_DEFINITIONS = (
					"DEBUG=1",
					"$(inherited)",
				);
				GCC_WARN_64_TO_32_BIT_CONVERSION = YES;
				GCC_WARN_ABOUT_RETURN_TYPE = YES_ERROR;
				GCC_WARN_UNDECLARED_SELECTOR = YES;
				GCC_WARN_UNINITIALIZED_AUTOS = YES_AGGRESSIVE;
				GCC_WARN_UNUSED_FUNCTION = YES;
				GCC_WARN_UNUSED_VARIABLE = YES;
				IPHONEOS_DEPLOYMENT_TARGET = 17.2;
				LOCALIZATION_PREFERS_STRING_CATALOGS = YES;
				MTL_ENABLE_DEBUG_INFO = INCLUDE_SOURCE;
				MTL_FAST_MATH = YES;
				ONLY_ACTIVE_ARCH = YES;
				SDKROOT = iphoneos;
				SWIFT_ACTIVE_COMPILATION_CONDITIONS = "DEBUG $(inherited)";
				SWIFT_OPTIMIZATION_LEVEL = "-Onone";
			};
			name = Debug;
		};
		4DF8B2412D17B35200523F33 /* Release */ = {
			isa = XCBuildConfiguration;
			buildSettings = {
				ALWAYS_SEARCH_USER_PATHS = NO;
				ASSETCATALOG_COMPILER_GENERATE_SWIFT_ASSET_SYMBOL_EXTENSIONS = YES;
				CLANG_ANALYZER_NONNULL = YES;
				CLANG_ANALYZER_NUMBER_OBJECT_CONVERSION = YES_AGGRESSIVE;
				CLANG_CXX_LANGUAGE_STANDARD = "gnu++20";
				CLANG_ENABLE_MODULES = YES;
				CLANG_ENABLE_OBJC_ARC = YES;
				CLANG_ENABLE_OBJC_WEAK = YES;
				CLANG_WARN_BLOCK_CAPTURE_AUTORELEASING = YES;
				CLANG_WARN_BOOL_CONVERSION = YES;
				CLANG_WARN_COMMA = YES;
				CLANG_WARN_CONSTANT_CONVERSION = YES;
				CLANG_WARN_DEPRECATED_OBJC_IMPLEMENTATIONS = YES;
				CLANG_WARN_DIRECT_OBJC_ISA_USAGE = YES_ERROR;
				CLANG_WARN_DOCUMENTATION_COMMENTS = YES;
				CLANG_WARN_EMPTY_BODY = YES;
				CLANG_WARN_ENUM_CONVERSION = YES;
				CLANG_WARN_INFINITE_RECURSION = YES;
				CLANG_WARN_INT_CONVERSION = YES;
				CLANG_WARN_NON_LITERAL_NULL_CONVERSION = YES;
				CLANG_WARN_OBJC_IMPLICIT_RETAIN_SELF = YES;
				CLANG_WARN_OBJC_LITERAL_CONVERSION = YES;
				CLANG_WARN_OBJC_ROOT_CLASS = YES_ERROR;
				CLANG_WARN_QUOTED_INCLUDE_IN_FRAMEWORK_HEADER = YES;
				CLANG_WARN_RANGE_LOOP_ANALYSIS = YES;
				CLANG_WARN_STRICT_PROTOTYPES = YES;
				CLANG_WARN_SUSPICIOUS_MOVE = YES;
				CLANG_WARN_UNGUARDED_AVAILABILITY = YES_AGGRESSIVE;
				CLANG_WARN_UNREACHABLE_CODE = YES;
				CLANG_WARN__DUPLICATE_METHOD_MATCH = YES;
				COPY_PHASE_STRIP = NO;
				DEBUG_INFORMATION_FORMAT = "dwarf-with-dsym";
				ENABLE_NS_ASSERTIONS = NO;
				ENABLE_STRICT_OBJC_MSGSEND = YES;
				ENABLE_USER_SCRIPT_SANDBOXING = YES;
				GCC_C_LANGUAGE_STANDARD = gnu17;
				GCC_NO_COMMON_BLOCKS = YES;
				GCC_WARN_64_TO_32_BIT_CONVERSION = YES;
				GCC_WARN_ABOUT_RETURN_TYPE = YES_ERROR;
				GCC_WARN_UNDECLARED_SELECTOR = YES;
				GCC_WARN_UNINITIALIZED_AUTOS = YES_AGGRESSIVE;
				GCC_WARN_UNUSED_FUNCTION = YES;
				GCC_WARN_UNUSED_VARIABLE = YES;
				IPHONEOS_DEPLOYMENT_TARGET = 17.2;
				LOCALIZATION_PREFERS_STRING_CATALOGS = YES;
				MTL_ENABLE_DEBUG_INFO = NO;
				MTL_FAST_MATH = YES;
				SDKROOT = iphoneos;
				SWIFT_COMPILATION_MODE = wholemodule;
				VALIDATE_PRODUCT = YES;
			};
			name = Release;
		};
		4DF8B2432D17B35200523F33 /* Debug */ = {
			isa = XCBuildConfiguration;
			buildSettings = {
				ASSETCATALOG_COMPILER_APPICON_NAME = AppIcon;
				ASSETCATALOG_COMPILER_GLOBAL_ACCENT_COLOR_NAME = AccentColor;
				CODE_SIGN_STYLE = Automatic;
				CURRENT_PROJECT_VERSION = 1;
				DEVELOPMENT_ASSET_PATHS = "\"BluetoothScanner/Preview Content\"";
				DEVELOPMENT_TEAM = DZ4U7VZ75B;
				ENABLE_PREVIEWS = YES;
				GENERATE_INFOPLIST_FILE = YES;
				INFOPLIST_EXPAND_BUILD_SETTINGS = YES;
				INFOPLIST_FILE = BluetoothScanner/Info.plist;
				INFOPLIST_KEY_UIApplicationSceneManifest_Generation = YES;
				INFOPLIST_KEY_UIApplicationSupportsIndirectInputEvents = YES;
				INFOPLIST_KEY_UILaunchScreen_Generation = YES;
				INFOPLIST_KEY_UISupportedInterfaceOrientations_iPad = "UIInterfaceOrientationPortrait UIInterfaceOrientationPortraitUpsideDown UIInterfaceOrientationLandscapeLeft UIInterfaceOrientationLandscapeRight";
				INFOPLIST_KEY_UISupportedInterfaceOrientations_iPhone = "UIInterfaceOrientationPortrait UIInterfaceOrientationLandscapeLeft UIInterfaceOrientationLandscapeRight";
				IPHONEOS_DEPLOYMENT_TARGET = 15.0;
				LD_RUNPATH_SEARCH_PATHS = (
					"$(inherited)",
					"@executable_path/Frameworks",
				);
				MARKETING_VERSION = 1.0;
				PRODUCT_BUNDLE_IDENTIFIER = com.ilyazorin.BluetoothScanner;
				PRODUCT_NAME = "$(TARGET_NAME)";
				SWIFT_EMIT_LOC_STRINGS = YES;
				SWIFT_VERSION = 5.0;
				TARGETED_DEVICE_FAMILY = "1,2";
			};
			name = Debug;
		};
		4DF8B2442D17B35200523F33 /* Release */ = {
			isa = XCBuildConfiguration;
			buildSettings = {
				ASSETCATALOG_COMPILER_APPICON_NAME = AppIcon;
				ASSETCATALOG_COMPILER_GLOBAL_ACCENT_COLOR_NAME = AccentColor;
				CODE_SIGN_STYLE = Automatic;
				CURRENT_PROJECT_VERSION = 1;
				DEVELOPMENT_ASSET_PATHS = "\"BluetoothScanner/Preview Content\"";
				DEVELOPMENT_TEAM = DZ4U7VZ75B;
				ENABLE_PREVIEWS = YES;
				GENERATE_INFOPLIST_FILE = YES;
				INFOPLIST_EXPAND_BUILD_SETTINGS = YES;
				INFOPLIST_FILE = BluetoothScanner/Info.plist;
				INFOPLIST_KEY_UIApplicationSceneManifest_Generation = YES;
				INFOPLIST_KEY_UIApplicationSupportsIndirectInputEvents = YES;
				INFOPLIST_KEY_UILaunchScreen_Generation = YES;
				INFOPLIST_KEY_UISupportedInterfaceOrientations_iPad = "UIInterfaceOrientationPortrait UIInterfaceOrientationPortraitUpsideDown UIInterfaceOrientationLandscapeLeft UIInterfaceOrientationLandscapeRight";
				INFOPLIST_KEY_UISupportedInterfaceOrientations_iPhone = "UIInterfaceOrientationPortrait UIInterfaceOrientationLandscapeLeft UIInterfaceOrientationLandscapeRight";
				IPHONEOS_DEPLOYMENT_TARGET = 15.0;
				LD_RUNPATH_SEARCH_PATHS = (
					"$(inherited)",
					"@executable_path/Frameworks",
				);
				MARKETING_VERSION = 1.0;
				PRODUCT_BUNDLE_IDENTIFIER = com.ilyazorin.BluetoothScanner;
				PRODUCT_NAME = "$(TARGET_NAME)";
				SWIFT_EMIT_LOC_STRINGS = YES;
				SWIFT_VERSION = 5.0;
				TARGETED_DEVICE_FAMILY = "1,2";
			};
			name = Release;
		};
/* End XCBuildConfiguration section */

/* Begin XCConfigurationList section */
		4DF8B22F2D17B35100523F33 /* Build configuration list for PBXProject "BluetoothScanner" */ = {
			isa = XCConfigurationList;
			buildConfigurations = (
				4DF8B2402D17B35200523F33 /* Debug */,
				4DF8B2412D17B35200523F33 /* Release */,
			);
			defaultConfigurationIsVisible = 0;
			defaultConfigurationName = Release;
		};
		4DF8B2422D17B35200523F33 /* Build configuration list for PBXNativeTarget "BluetoothScanner" */ = {
			isa = XCConfigurationList;
			buildConfigurations = (
				4DF8B2432D17B35200523F33 /* Debug */,
				4DF8B2442D17B35200523F33 /* Release */,
			);
			defaultConfigurationIsVisible = 0;
			defaultConfigurationName = Release;
		};
/* End XCConfigurationList section */

/* Begin XCVersionGroup section */
		4DF8B2542D18528100523F33 /* BluetoothScannerModel.xcdatamodeld */ = {
			isa = XCVersionGroup;
			children = (
				4DF8B2552D18528100523F33 /* BluetoothScannerModel.xcdatamodel */,
			);
			currentVersion = 4DF8B2552D18528100523F33 /* BluetoothScannerModel.xcdatamodel */;
			path = BluetoothScannerModel.xcdatamodeld;
			sourceTree = "<group>";
			versionGroupType = wrapper.xcdatamodel;
		};
/* End XCVersionGroup section */
	};
	rootObject = 4DF8B22C2D17B35100523F33 /* Project object */;
}
